<?xml version="1.0" encoding="UTF-8"?>
<!DOCTYPE plist PUBLIC "-//Apple//DTD PLIST 1.0//EN" "http://www.apple.com/DTDs/PropertyList-1.0.dtd">
<plist version="1.0">
<dict>
	<key>archiveVersion</key>
	<string>1</string>
	<key>classes</key>
	<dict/>
	<key>objectVersion</key>
	<string>46</string>
	<key>objects</key>
	<dict>
		<key>0B1046E52E944D7A8FE088A7</key>
		<dict>
			<key>buildActionMask</key>
			<string>2147483647</string>
			<key>files</key>
			<array/>
			<key>inputPaths</key>
			<array/>
			<key>isa</key>
			<string>PBXShellScriptBuildPhase</string>
			<key>name</key>
			<string>Copy Pods Resources</string>
			<key>outputPaths</key>
			<array/>
			<key>runOnlyForDeploymentPostprocessing</key>
			<string>0</string>
			<key>shellPath</key>
			<string>/bin/sh</string>
			<key>shellScript</key>
			<string>"${SRCROOT}/Pods/Pods-MeetupPrizeChooserTests-resources.sh"
</string>
			<key>showEnvVarsInLog</key>
			<string>0</string>
		</dict>
		<key>31E72F60E83C403ABA3F7708</key>
		<dict>
			<key>buildActionMask</key>
			<string>2147483647</string>
			<key>files</key>
			<array/>
			<key>inputPaths</key>
			<array/>
			<key>isa</key>
			<string>PBXShellScriptBuildPhase</string>
			<key>name</key>
			<string>Check Pods Manifest.lock</string>
			<key>outputPaths</key>
			<array/>
			<key>runOnlyForDeploymentPostprocessing</key>
			<string>0</string>
			<key>shellPath</key>
			<string>/bin/sh</string>
			<key>shellScript</key>
			<string>diff "${PODS_ROOT}/../Podfile.lock" "${PODS_ROOT}/Manifest.lock" &gt; /dev/null
if [[ $? != 0 ]] ; then
    cat &lt;&lt; EOM
error: The sandbox is not in sync with the Podfile.lock. Run 'pod install' or update your CocoaPods installation.
EOM
    exit 1
fi
</string>
			<key>showEnvVarsInLog</key>
			<string>0</string>
		</dict>
		<key>407A30C632EF4F50A9183886</key>
		<dict>
			<key>fileRef</key>
			<string>90AAD0F5C2C04BBDAA7B2F02</string>
			<key>isa</key>
			<string>PBXBuildFile</string>
		</dict>
		<key>532A22D05592401DADB393CA</key>
		<dict>
			<key>buildActionMask</key>
			<string>2147483647</string>
			<key>files</key>
			<array/>
			<key>inputPaths</key>
			<array/>
			<key>isa</key>
			<string>PBXShellScriptBuildPhase</string>
			<key>name</key>
			<string>Check Pods Manifest.lock</string>
			<key>outputPaths</key>
			<array/>
			<key>runOnlyForDeploymentPostprocessing</key>
			<string>0</string>
			<key>shellPath</key>
			<string>/bin/sh</string>
			<key>shellScript</key>
			<string>diff "${PODS_ROOT}/../Podfile.lock" "${PODS_ROOT}/Manifest.lock" &gt; /dev/null
if [[ $? != 0 ]] ; then
    cat &lt;&lt; EOM
error: The sandbox is not in sync with the Podfile.lock. Run 'pod install' or update your CocoaPods installation.
EOM
    exit 1
fi
</string>
			<key>showEnvVarsInLog</key>
			<string>0</string>
		</dict>
		<key>7261EE82D08A48A2BA12981B</key>
		<dict>
			<key>includeInIndex</key>
			<string>1</string>
			<key>isa</key>
			<string>PBXFileReference</string>
			<key>lastKnownFileType</key>
			<string>text.xcconfig</string>
			<key>name</key>
			<string>Pods-MeetupPrizeChooserTests.xcconfig</string>
			<key>path</key>
			<string>Pods/Pods-MeetupPrizeChooserTests.xcconfig</string>
			<key>sourceTree</key>
			<string>&lt;group&gt;</string>
		</dict>
		<key>8CCB816950854EE8A3AB81AC</key>
		<dict>
			<key>explicitFileType</key>
			<string>archive.ar</string>
			<key>includeInIndex</key>
			<string>0</string>
			<key>isa</key>
			<string>PBXFileReference</string>
			<key>path</key>
			<string>libPods-MeetupPrizeChooser.a</string>
			<key>sourceTree</key>
			<string>BUILT_PRODUCTS_DIR</string>
		</dict>
		<key>90AAD0F5C2C04BBDAA7B2F02</key>
		<dict>
			<key>explicitFileType</key>
			<string>archive.ar</string>
			<key>includeInIndex</key>
			<string>0</string>
			<key>isa</key>
			<string>PBXFileReference</string>
			<key>path</key>
			<string>libPods.a</string>
			<key>sourceTree</key>
			<string>BUILT_PRODUCTS_DIR</string>
		</dict>
		<key>90F9E019F082449A9D427B10</key>
		<dict>
			<key>includeInIndex</key>
			<string>1</string>
			<key>isa</key>
			<string>PBXFileReference</string>
			<key>lastKnownFileType</key>
			<string>text.xcconfig</string>
			<key>name</key>
			<string>Pods-MeetupPrizeChooser.xcconfig</string>
			<key>path</key>
			<string>Pods/Pods-MeetupPrizeChooser.xcconfig</string>
			<key>sourceTree</key>
			<string>&lt;group&gt;</string>
		</dict>
		<key>9225B054DBE24F5BBA2EF3F8</key>
		<dict>
			<key>explicitFileType</key>
			<string>archive.ar</string>
			<key>includeInIndex</key>
			<string>0</string>
			<key>isa</key>
			<string>PBXFileReference</string>
			<key>path</key>
			<string>libPods-MeetupPrizeChooserTests.a</string>
			<key>sourceTree</key>
			<string>BUILT_PRODUCTS_DIR</string>
		</dict>
		<key>98BB0DA231BC42CD95897367</key>
		<dict>
			<key>buildActionMask</key>
			<string>2147483647</string>
			<key>files</key>
			<array/>
			<key>inputPaths</key>
			<array/>
			<key>isa</key>
			<string>PBXShellScriptBuildPhase</string>
			<key>name</key>
			<string>Copy Pods Resources</string>
			<key>outputPaths</key>
			<array/>
			<key>runOnlyForDeploymentPostprocessing</key>
			<string>0</string>
			<key>shellPath</key>
			<string>/bin/sh</string>
			<key>shellScript</key>
			<string>"${SRCROOT}/Pods/Pods-resources.sh"
</string>
			<key>showEnvVarsInLog</key>
			<string>0</string>
		</dict>
		<key>A5F74B753FD34A22A6A55E2B</key>
		<dict>
			<key>fileRef</key>
			<string>8CCB816950854EE8A3AB81AC</string>
			<key>isa</key>
			<string>PBXBuildFile</string>
		</dict>
		<key>B56935E172294AB199CBC1BF</key>
		<dict>
			<key>fileRef</key>
			<string>9225B054DBE24F5BBA2EF3F8</string>
			<key>isa</key>
			<string>PBXBuildFile</string>
		</dict>
		<key>BBE3019FE9C84F339C95BE04</key>
		<dict>
			<key>includeInIndex</key>
			<string>1</string>
			<key>isa</key>
			<string>PBXFileReference</string>
			<key>lastKnownFileType</key>
			<string>text.xcconfig</string>
			<key>name</key>
			<string>Pods.xcconfig</string>
			<key>path</key>
			<string>Pods/Pods.xcconfig</string>
			<key>sourceTree</key>
			<string>&lt;group&gt;</string>
		</dict>
		<key>FA770C76188DB7F7005ED309</key>
		<dict>
			<key>children</key>
			<array>
				<string>FA770C88188DB7F7005ED309</string>
				<string>FA770CAA188DB7F7005ED309</string>
				<string>FA770C81188DB7F7005ED309</string>
				<string>FA770C80188DB7F7005ED309</string>
				<string>90F9E019F082449A9D427B10</string>
				<string>7261EE82D08A48A2BA12981B</string>
				<string>BBE3019FE9C84F339C95BE04</string>
			</array>
			<key>isa</key>
			<string>PBXGroup</string>
			<key>sourceTree</key>
			<string>&lt;group&gt;</string>
		</dict>
		<key>FA770C77188DB7F7005ED309</key>
		<dict>
			<key>attributes</key>
			<dict>
				<key>CLASSPREFIX</key>
				<string>AKA</string>
				<key>LastUpgradeCheck</key>
				<string>0500</string>
				<key>ORGANIZATIONNAME</key>
				<string>Alex Argo</string>
				<key>TargetAttributes</key>
				<dict>
					<key>FA770CA2188DB7F7005ED309</key>
					<dict>
						<key>TestTargetID</key>
						<string>FA770C7E188DB7F7005ED309</string>
					</dict>
				</dict>
			</dict>
			<key>buildConfigurationList</key>
			<string>FA770C7A188DB7F7005ED309</string>
			<key>compatibilityVersion</key>
			<string>Xcode 3.2</string>
			<key>developmentRegion</key>
			<string>English</string>
			<key>hasScannedForEncodings</key>
			<string>0</string>
			<key>isa</key>
			<string>PBXProject</string>
			<key>knownRegions</key>
			<array>
				<string>en</string>
				<string>Base</string>
			</array>
			<key>mainGroup</key>
			<string>FA770C76188DB7F7005ED309</string>
			<key>productRefGroup</key>
			<string>FA770C80188DB7F7005ED309</string>
			<key>projectDirPath</key>
			<string></string>
			<key>projectReferences</key>
			<array/>
			<key>projectRoot</key>
			<string></string>
			<key>targets</key>
			<array>
				<string>FA770C7E188DB7F7005ED309</string>
				<string>FA770CA2188DB7F7005ED309</string>
			</array>
		</dict>
		<key>FA770C7A188DB7F7005ED309</key>
		<dict>
			<key>buildConfigurations</key>
			<array>
				<string>FA770CB2188DB7F7005ED309</string>
				<string>FA770CB3188DB7F7005ED309</string>
			</array>
			<key>defaultConfigurationIsVisible</key>
			<string>0</string>
			<key>defaultConfigurationName</key>
			<string>Release</string>
			<key>isa</key>
			<string>XCConfigurationList</string>
		</dict>
		<key>FA770C7B188DB7F7005ED309</key>
		<dict>
			<key>buildActionMask</key>
			<string>2147483647</string>
			<key>files</key>
			<array>
				<string>FA952F85188E1DA200446BC9</string>
				<string>FA952F81188DFF8A00446BC9</string>
				<string>FA770C93188DB7F7005ED309</string>
				<string>FA770C99188DB7F7005ED309</string>
				<string>FA952F7B188DB8A300446BC9</string>
				<string>FA770C8F188DB7F7005ED309</string>
				<string>FA770C9C188DB7F7005ED309</string>
				<string>FAFEA0DA1912E7A9001BF8A6</string>
			</array>
			<key>isa</key>
			<string>PBXSourcesBuildPhase</string>
			<key>runOnlyForDeploymentPostprocessing</key>
			<string>0</string>
		</dict>
		<key>FA770C7C188DB7F7005ED309</key>
		<dict>
			<key>buildActionMask</key>
			<string>2147483647</string>
			<key>files</key>
			<array>
				<string>FA770C85188DB7F7005ED309</string>
				<string>FA770C87188DB7F7005ED309</string>
				<string>FA770C83188DB7F7005ED309</string>
				<string>A5F74B753FD34A22A6A55E2B</string>
				<string>407A30C632EF4F50A9183886</string>
			</array>
			<key>isa</key>
			<string>PBXFrameworksBuildPhase</string>
			<key>runOnlyForDeploymentPostprocessing</key>
			<string>0</string>
		</dict>
		<key>FA770C7D188DB7F7005ED309</key>
		<dict>
			<key>buildActionMask</key>
			<string>2147483647</string>
			<key>files</key>
			<array>
				<string>FA770C9E188DB7F7005ED309</string>
				<string>FA770C8D188DB7F7005ED309</string>
				<string>FA770C96188DB7F7005ED309</string>
			</array>
			<key>isa</key>
			<string>PBXResourcesBuildPhase</string>
			<key>runOnlyForDeploymentPostprocessing</key>
			<string>0</string>
		</dict>
		<key>FA770C7E188DB7F7005ED309</key>
		<dict>
			<key>buildConfigurationList</key>
			<string>FA770CB4188DB7F7005ED309</string>
			<key>buildPhases</key>
			<array>
				<string>31E72F60E83C403ABA3F7708</string>
				<string>FA770C7B188DB7F7005ED309</string>
				<string>FA770C7C188DB7F7005ED309</string>
				<string>FA770C7D188DB7F7005ED309</string>
				<string>98BB0DA231BC42CD95897367</string>
			</array>
			<key>buildRules</key>
			<array/>
			<key>dependencies</key>
			<array/>
			<key>isa</key>
			<string>PBXNativeTarget</string>
			<key>name</key>
			<string>MeetupPrizeChooser</string>
			<key>productName</key>
			<string>MeetupPrizeChooser</string>
			<key>productReference</key>
			<string>FA770C7F188DB7F7005ED309</string>
			<key>productType</key>
			<string>com.apple.product-type.application</string>
		</dict>
		<key>FA770C7F188DB7F7005ED309</key>
		<dict>
			<key>explicitFileType</key>
			<string>wrapper.application</string>
			<key>includeInIndex</key>
			<string>0</string>
			<key>isa</key>
			<string>PBXFileReference</string>
			<key>path</key>
			<string>MeetupPrizeChooser.app</string>
			<key>sourceTree</key>
			<string>BUILT_PRODUCTS_DIR</string>
		</dict>
		<key>FA770C80188DB7F7005ED309</key>
		<dict>
			<key>children</key>
			<array>
				<string>FA770C7F188DB7F7005ED309</string>
				<string>FA770CA3188DB7F7005ED309</string>
			</array>
			<key>isa</key>
			<string>PBXGroup</string>
			<key>name</key>
			<string>Products</string>
			<key>sourceTree</key>
			<string>&lt;group&gt;</string>
		</dict>
		<key>FA770C81188DB7F7005ED309</key>
		<dict>
			<key>children</key>
			<array>
				<string>FA770C82188DB7F7005ED309</string>
				<string>FA770C84188DB7F7005ED309</string>
				<string>FA770C86188DB7F7005ED309</string>
				<string>FA770CA4188DB7F7005ED309</string>
				<string>8CCB816950854EE8A3AB81AC</string>
				<string>9225B054DBE24F5BBA2EF3F8</string>
				<string>90AAD0F5C2C04BBDAA7B2F02</string>
			</array>
			<key>isa</key>
			<string>PBXGroup</string>
			<key>name</key>
			<string>Frameworks</string>
			<key>sourceTree</key>
			<string>&lt;group&gt;</string>
		</dict>
		<key>FA770C82188DB7F7005ED309</key>
		<dict>
			<key>isa</key>
			<string>PBXFileReference</string>
			<key>lastKnownFileType</key>
			<string>wrapper.framework</string>
			<key>name</key>
			<string>Foundation.framework</string>
			<key>path</key>
			<string>System/Library/Frameworks/Foundation.framework</string>
			<key>sourceTree</key>
			<string>SDKROOT</string>
		</dict>
		<key>FA770C83188DB7F7005ED309</key>
		<dict>
			<key>fileRef</key>
			<string>FA770C82188DB7F7005ED309</string>
			<key>isa</key>
			<string>PBXBuildFile</string>
		</dict>
		<key>FA770C84188DB7F7005ED309</key>
		<dict>
			<key>isa</key>
			<string>PBXFileReference</string>
			<key>lastKnownFileType</key>
			<string>wrapper.framework</string>
			<key>name</key>
			<string>CoreGraphics.framework</string>
			<key>path</key>
			<string>System/Library/Frameworks/CoreGraphics.framework</string>
			<key>sourceTree</key>
			<string>SDKROOT</string>
		</dict>
		<key>FA770C85188DB7F7005ED309</key>
		<dict>
			<key>fileRef</key>
			<string>FA770C84188DB7F7005ED309</string>
			<key>isa</key>
			<string>PBXBuildFile</string>
		</dict>
		<key>FA770C86188DB7F7005ED309</key>
		<dict>
			<key>isa</key>
			<string>PBXFileReference</string>
			<key>lastKnownFileType</key>
			<string>wrapper.framework</string>
			<key>name</key>
			<string>UIKit.framework</string>
			<key>path</key>
			<string>System/Library/Frameworks/UIKit.framework</string>
			<key>sourceTree</key>
			<string>SDKROOT</string>
		</dict>
		<key>FA770C87188DB7F7005ED309</key>
		<dict>
			<key>fileRef</key>
			<string>FA770C86188DB7F7005ED309</string>
			<key>isa</key>
			<string>PBXBuildFile</string>
		</dict>
		<key>FA770C88188DB7F7005ED309</key>
		<dict>
			<key>children</key>
			<array>
				<string>FA770C91188DB7F7005ED309</string>
				<string>FA770C92188DB7F7005ED309</string>
				<string>FA770C94188DB7F7005ED309</string>
				<string>FA770C97188DB7F7005ED309</string>
				<string>FA770C98188DB7F7005ED309</string>
				<string>FA770C9A188DB7F7005ED309</string>
				<string>FA770C9B188DB7F7005ED309</string>
				<string>FAFEA0D81912E7A9001BF8A6</string>
				<string>FAFEA0D91912E7A9001BF8A6</string>
				<string>FA952F79188DB8A300446BC9</string>
				<string>FA952F7A188DB8A300446BC9</string>
				<string>FA952F7F188DFF8A00446BC9</string>
				<string>FA952F80188DFF8A00446BC9</string>
				<string>FA952F83188E1DA200446BC9</string>
				<string>FA952F84188E1DA200446BC9</string>
				<string>FA770C9D188DB7F7005ED309</string>
				<string>FA770C89188DB7F7005ED309</string>
			</array>
			<key>isa</key>
			<string>PBXGroup</string>
			<key>path</key>
			<string>MeetupPrizeChooser</string>
			<key>sourceTree</key>
			<string>&lt;group&gt;</string>
		</dict>
		<key>FA770C89188DB7F7005ED309</key>
		<dict>
			<key>children</key>
			<array>
				<string>FA770C8A188DB7F7005ED309</string>
				<string>FA770C8B188DB7F7005ED309</string>
				<string>FA770C8E188DB7F7005ED309</string>
				<string>FA770C90188DB7F7005ED309</string>
			</array>
			<key>isa</key>
			<string>PBXGroup</string>
			<key>name</key>
			<string>Supporting Files</string>
			<key>sourceTree</key>
			<string>&lt;group&gt;</string>
		</dict>
		<key>FA770C8A188DB7F7005ED309</key>
		<dict>
			<key>isa</key>
			<string>PBXFileReference</string>
			<key>lastKnownFileType</key>
			<string>text.plist.xml</string>
			<key>path</key>
			<string>MeetupPrizeChooser-Info.plist</string>
			<key>sourceTree</key>
			<string>&lt;group&gt;</string>
		</dict>
		<key>FA770C8B188DB7F7005ED309</key>
		<dict>
			<key>children</key>
			<array>
				<string>FA770C8C188DB7F7005ED309</string>
			</array>
			<key>isa</key>
			<string>PBXVariantGroup</string>
			<key>name</key>
			<string>InfoPlist.strings</string>
			<key>sourceTree</key>
			<string>&lt;group&gt;</string>
		</dict>
		<key>FA770C8C188DB7F7005ED309</key>
		<dict>
			<key>isa</key>
			<string>PBXFileReference</string>
			<key>lastKnownFileType</key>
			<string>text.plist.strings</string>
			<key>name</key>
			<string>en</string>
			<key>path</key>
			<string>en.lproj/InfoPlist.strings</string>
			<key>sourceTree</key>
			<string>&lt;group&gt;</string>
		</dict>
		<key>FA770C8D188DB7F7005ED309</key>
		<dict>
			<key>fileRef</key>
			<string>FA770C8B188DB7F7005ED309</string>
			<key>isa</key>
			<string>PBXBuildFile</string>
		</dict>
		<key>FA770C8E188DB7F7005ED309</key>
		<dict>
			<key>isa</key>
			<string>PBXFileReference</string>
			<key>lastKnownFileType</key>
			<string>sourcecode.c.objc</string>
			<key>path</key>
			<string>main.m</string>
			<key>sourceTree</key>
			<string>&lt;group&gt;</string>
		</dict>
		<key>FA770C8F188DB7F7005ED309</key>
		<dict>
			<key>fileRef</key>
			<string>FA770C8E188DB7F7005ED309</string>
			<key>isa</key>
			<string>PBXBuildFile</string>
		</dict>
		<key>FA770C90188DB7F7005ED309</key>
		<dict>
			<key>isa</key>
			<string>PBXFileReference</string>
			<key>lastKnownFileType</key>
			<string>sourcecode.c.h</string>
			<key>path</key>
			<string>MeetupPrizeChooser-Prefix.pch</string>
			<key>sourceTree</key>
			<string>&lt;group&gt;</string>
		</dict>
		<key>FA770C91188DB7F7005ED309</key>
		<dict>
			<key>isa</key>
			<string>PBXFileReference</string>
			<key>lastKnownFileType</key>
			<string>sourcecode.c.h</string>
			<key>path</key>
			<string>AKAAppDelegate.h</string>
			<key>sourceTree</key>
			<string>&lt;group&gt;</string>
		</dict>
		<key>FA770C92188DB7F7005ED309</key>
		<dict>
			<key>isa</key>
			<string>PBXFileReference</string>
			<key>lastKnownFileType</key>
			<string>sourcecode.c.objc</string>
			<key>path</key>
			<string>AKAAppDelegate.m</string>
			<key>sourceTree</key>
			<string>&lt;group&gt;</string>
		</dict>
		<key>FA770C93188DB7F7005ED309</key>
		<dict>
			<key>fileRef</key>
			<string>FA770C92188DB7F7005ED309</string>
			<key>isa</key>
			<string>PBXBuildFile</string>
		</dict>
		<key>FA770C94188DB7F7005ED309</key>
		<dict>
			<key>children</key>
			<array>
				<string>FA770C95188DB7F7005ED309</string>
			</array>
			<key>isa</key>
			<string>PBXVariantGroup</string>
			<key>name</key>
			<string>Main.storyboard</string>
			<key>sourceTree</key>
			<string>&lt;group&gt;</string>
		</dict>
		<key>FA770C95188DB7F7005ED309</key>
		<dict>
			<key>isa</key>
			<string>PBXFileReference</string>
			<key>lastKnownFileType</key>
			<string>file.storyboard</string>
			<key>name</key>
			<string>Base</string>
			<key>path</key>
			<string>Base.lproj/Main.storyboard</string>
			<key>sourceTree</key>
			<string>&lt;group&gt;</string>
		</dict>
		<key>FA770C96188DB7F7005ED309</key>
		<dict>
			<key>fileRef</key>
			<string>FA770C94188DB7F7005ED309</string>
			<key>isa</key>
			<string>PBXBuildFile</string>
		</dict>
		<key>FA770C97188DB7F7005ED309</key>
		<dict>
			<key>isa</key>
			<string>PBXFileReference</string>
			<key>lastKnownFileType</key>
			<string>sourcecode.c.h</string>
			<key>path</key>
			<string>AKAMasterViewController.h</string>
			<key>sourceTree</key>
			<string>&lt;group&gt;</string>
		</dict>
		<key>FA770C98188DB7F7005ED309</key>
		<dict>
			<key>isa</key>
			<string>PBXFileReference</string>
			<key>lastKnownFileType</key>
			<string>sourcecode.c.objc</string>
			<key>path</key>
			<string>AKAMasterViewController.m</string>
			<key>sourceTree</key>
			<string>&lt;group&gt;</string>
		</dict>
		<key>FA770C99188DB7F7005ED309</key>
		<dict>
			<key>fileRef</key>
			<string>FA770C98188DB7F7005ED309</string>
			<key>isa</key>
			<string>PBXBuildFile</string>
		</dict>
		<key>FA770C9A188DB7F7005ED309</key>
		<dict>
			<key>isa</key>
			<string>PBXFileReference</string>
			<key>lastKnownFileType</key>
			<string>sourcecode.c.h</string>
			<key>path</key>
			<string>AKADetailViewController.h</string>
			<key>sourceTree</key>
			<string>&lt;group&gt;</string>
		</dict>
		<key>FA770C9B188DB7F7005ED309</key>
		<dict>
			<key>isa</key>
			<string>PBXFileReference</string>
			<key>lastKnownFileType</key>
			<string>sourcecode.c.objc</string>
			<key>path</key>
			<string>AKADetailViewController.m</string>
			<key>sourceTree</key>
			<string>&lt;group&gt;</string>
		</dict>
		<key>FA770C9C188DB7F7005ED309</key>
		<dict>
			<key>fileRef</key>
			<string>FA770C9B188DB7F7005ED309</string>
			<key>isa</key>
			<string>PBXBuildFile</string>
		</dict>
		<key>FA770C9D188DB7F7005ED309</key>
		<dict>
			<key>isa</key>
			<string>PBXFileReference</string>
			<key>lastKnownFileType</key>
			<string>folder.assetcatalog</string>
			<key>path</key>
			<string>Images.xcassets</string>
			<key>sourceTree</key>
			<string>&lt;group&gt;</string>
		</dict>
		<key>FA770C9E188DB7F7005ED309</key>
		<dict>
			<key>fileRef</key>
			<string>FA770C9D188DB7F7005ED309</string>
			<key>isa</key>
			<string>PBXBuildFile</string>
		</dict>
		<key>FA770C9F188DB7F7005ED309</key>
		<dict>
			<key>buildActionMask</key>
			<string>2147483647</string>
			<key>files</key>
			<array>
				<string>FA952F86188E1DA200446BC9</string>
				<string>FA952F82188DFF8A00446BC9</string>
				<string>FAFEA0DB1912E7A9001BF8A6</string>
				<string>FA770CB1188DB7F7005ED309</string>
				<string>FA952F7C188DB8A300446BC9</string>
			</array>
			<key>isa</key>
			<string>PBXSourcesBuildPhase</string>
			<key>runOnlyForDeploymentPostprocessing</key>
			<string>0</string>
		</dict>
		<key>FA770CA0188DB7F7005ED309</key>
		<dict>
			<key>buildActionMask</key>
			<string>2147483647</string>
			<key>files</key>
			<array>
				<string>FA770CA5188DB7F7005ED309</string>
				<string>FA770CA7188DB7F7005ED309</string>
				<string>FA770CA6188DB7F7005ED309</string>
				<string>B56935E172294AB199CBC1BF</string>
			</array>
			<key>isa</key>
			<string>PBXFrameworksBuildPhase</string>
			<key>runOnlyForDeploymentPostprocessing</key>
			<string>0</string>
		</dict>
		<key>FA770CA1188DB7F7005ED309</key>
		<dict>
			<key>buildActionMask</key>
			<string>2147483647</string>
			<key>files</key>
			<array>
				<string>FA770CAF188DB7F7005ED309</string>
			</array>
			<key>isa</key>
			<string>PBXResourcesBuildPhase</string>
			<key>runOnlyForDeploymentPostprocessing</key>
			<string>0</string>
		</dict>
		<key>FA770CA2188DB7F7005ED309</key>
		<dict>
			<key>buildConfigurationList</key>
			<string>FA770CB7188DB7F7005ED309</string>
			<key>buildPhases</key>
			<array>
				<string>532A22D05592401DADB393CA</string>
				<string>FA770C9F188DB7F7005ED309</string>
				<string>FA770CA0188DB7F7005ED309</string>
				<string>FA770CA1188DB7F7005ED309</string>
				<string>0B1046E52E944D7A8FE088A7</string>
			</array>
			<key>buildRules</key>
			<array/>
			<key>dependencies</key>
			<array>
				<string>FA770CA9188DB7F7005ED309</string>
			</array>
			<key>isa</key>
			<string>PBXNativeTarget</string>
			<key>name</key>
			<string>MeetupPrizeChooserTests</string>
			<key>productName</key>
			<string>MeetupPrizeChooserTests</string>
			<key>productReference</key>
			<string>FA770CA3188DB7F7005ED309</string>
			<key>productType</key>
			<string>com.apple.product-type.bundle.unit-test</string>
		</dict>
		<key>FA770CA3188DB7F7005ED309</key>
		<dict>
			<key>explicitFileType</key>
			<string>wrapper.cfbundle</string>
			<key>includeInIndex</key>
			<string>0</string>
			<key>isa</key>
			<string>PBXFileReference</string>
			<key>path</key>
			<string>MeetupPrizeChooserTests.xctest</string>
			<key>sourceTree</key>
			<string>BUILT_PRODUCTS_DIR</string>
		</dict>
		<key>FA770CA4188DB7F7005ED309</key>
		<dict>
			<key>isa</key>
			<string>PBXFileReference</string>
			<key>lastKnownFileType</key>
			<string>wrapper.framework</string>
			<key>name</key>
			<string>XCTest.framework</string>
			<key>path</key>
			<string>Library/Frameworks/XCTest.framework</string>
			<key>sourceTree</key>
			<string>DEVELOPER_DIR</string>
		</dict>
		<key>FA770CA5188DB7F7005ED309</key>
		<dict>
			<key>fileRef</key>
			<string>FA770CA4188DB7F7005ED309</string>
			<key>isa</key>
			<string>PBXBuildFile</string>
		</dict>
		<key>FA770CA6188DB7F7005ED309</key>
		<dict>
			<key>fileRef</key>
			<string>FA770C82188DB7F7005ED309</string>
			<key>isa</key>
			<string>PBXBuildFile</string>
		</dict>
		<key>FA770CA7188DB7F7005ED309</key>
		<dict>
			<key>fileRef</key>
			<string>FA770C86188DB7F7005ED309</string>
			<key>isa</key>
			<string>PBXBuildFile</string>
		</dict>
		<key>FA770CA8188DB7F7005ED309</key>
		<dict>
			<key>containerPortal</key>
			<string>FA770C77188DB7F7005ED309</string>
			<key>isa</key>
			<string>PBXContainerItemProxy</string>
			<key>proxyType</key>
			<string>1</string>
			<key>remoteGlobalIDString</key>
			<string>FA770C7E188DB7F7005ED309</string>
			<key>remoteInfo</key>
			<string>MeetupPrizeChooser</string>
		</dict>
		<key>FA770CA9188DB7F7005ED309</key>
		<dict>
			<key>isa</key>
			<string>PBXTargetDependency</string>
			<key>target</key>
			<string>FA770C7E188DB7F7005ED309</string>
			<key>targetProxy</key>
			<string>FA770CA8188DB7F7005ED309</string>
		</dict>
		<key>FA770CAA188DB7F7005ED309</key>
		<dict>
			<key>children</key>
			<array>
				<string>FA770CB0188DB7F7005ED309</string>
				<string>FA770CAB188DB7F7005ED309</string>
			</array>
			<key>isa</key>
			<string>PBXGroup</string>
			<key>path</key>
			<string>MeetupPrizeChooserTests</string>
			<key>sourceTree</key>
			<string>&lt;group&gt;</string>
		</dict>
		<key>FA770CAB188DB7F7005ED309</key>
		<dict>
			<key>children</key>
			<array>
				<string>FA770CAC188DB7F7005ED309</string>
				<string>FA770CAD188DB7F7005ED309</string>
			</array>
			<key>isa</key>
			<string>PBXGroup</string>
			<key>name</key>
			<string>Supporting Files</string>
			<key>sourceTree</key>
			<string>&lt;group&gt;</string>
		</dict>
		<key>FA770CAC188DB7F7005ED309</key>
		<dict>
			<key>isa</key>
			<string>PBXFileReference</string>
			<key>lastKnownFileType</key>
			<string>text.plist.xml</string>
			<key>path</key>
			<string>MeetupPrizeChooserTests-Info.plist</string>
			<key>sourceTree</key>
			<string>&lt;group&gt;</string>
		</dict>
		<key>FA770CAD188DB7F7005ED309</key>
		<dict>
			<key>children</key>
			<array>
				<string>FA770CAE188DB7F7005ED309</string>
			</array>
			<key>isa</key>
			<string>PBXVariantGroup</string>
			<key>name</key>
			<string>InfoPlist.strings</string>
			<key>sourceTree</key>
			<string>&lt;group&gt;</string>
		</dict>
		<key>FA770CAE188DB7F7005ED309</key>
		<dict>
			<key>isa</key>
			<string>PBXFileReference</string>
			<key>lastKnownFileType</key>
			<string>text.plist.strings</string>
			<key>name</key>
			<string>en</string>
			<key>path</key>
			<string>en.lproj/InfoPlist.strings</string>
			<key>sourceTree</key>
			<string>&lt;group&gt;</string>
		</dict>
		<key>FA770CAF188DB7F7005ED309</key>
		<dict>
			<key>fileRef</key>
			<string>FA770CAD188DB7F7005ED309</string>
			<key>isa</key>
			<string>PBXBuildFile</string>
		</dict>
		<key>FA770CB0188DB7F7005ED309</key>
		<dict>
			<key>isa</key>
			<string>PBXFileReference</string>
			<key>lastKnownFileType</key>
			<string>sourcecode.c.objc</string>
			<key>path</key>
			<string>MeetupPrizeChooserTests.m</string>
			<key>sourceTree</key>
			<string>&lt;group&gt;</string>
		</dict>
		<key>FA770CB1188DB7F7005ED309</key>
		<dict>
			<key>fileRef</key>
			<string>FA770CB0188DB7F7005ED309</string>
			<key>isa</key>
			<string>PBXBuildFile</string>
		</dict>
		<key>FA770CB2188DB7F7005ED309</key>
		<dict>
			<key>buildSettings</key>
			<dict>
				<key>ALWAYS_SEARCH_USER_PATHS</key>
				<string>NO</string>
				<key>ARCHS</key>
				<string>$(ARCHS_STANDARD_INCLUDING_64_BIT)</string>
				<key>CLANG_CXX_LANGUAGE_STANDARD</key>
				<string>gnu++0x</string>
				<key>CLANG_CXX_LIBRARY</key>
				<string>libc++</string>
				<key>CLANG_ENABLE_MODULES</key>
				<string>YES</string>
				<key>CLANG_ENABLE_OBJC_ARC</key>
				<string>YES</string>
				<key>CLANG_WARN_BOOL_CONVERSION</key>
				<string>YES</string>
				<key>CLANG_WARN_CONSTANT_CONVERSION</key>
				<string>YES</string>
				<key>CLANG_WARN_DIRECT_OBJC_ISA_USAGE</key>
				<string>YES_ERROR</string>
				<key>CLANG_WARN_EMPTY_BODY</key>
				<string>YES</string>
				<key>CLANG_WARN_ENUM_CONVERSION</key>
				<string>YES</string>
				<key>CLANG_WARN_INT_CONVERSION</key>
				<string>YES</string>
				<key>CLANG_WARN_OBJC_ROOT_CLASS</key>
				<string>YES_ERROR</string>
				<key>CLANG_WARN__DUPLICATE_METHOD_MATCH</key>
				<string>YES</string>
				<key>CODE_SIGN_IDENTITY[sdk=iphoneos*]</key>
				<string>iPhone Developer</string>
				<key>COPY_PHASE_STRIP</key>
				<string>NO</string>
				<key>GCC_C_LANGUAGE_STANDARD</key>
				<string>gnu99</string>
				<key>GCC_DYNAMIC_NO_PIC</key>
				<string>NO</string>
				<key>GCC_OPTIMIZATION_LEVEL</key>
				<string>0</string>
				<key>GCC_PREPROCESSOR_DEFINITIONS</key>
				<array>
					<string>DEBUG=1</string>
					<string>$(inherited)</string>
				</array>
				<key>GCC_SYMBOLS_PRIVATE_EXTERN</key>
				<string>NO</string>
				<key>GCC_WARN_64_TO_32_BIT_CONVERSION</key>
				<string>YES</string>
				<key>GCC_WARN_ABOUT_RETURN_TYPE</key>
				<string>YES_ERROR</string>
				<key>GCC_WARN_UNDECLARED_SELECTOR</key>
				<string>YES</string>
				<key>GCC_WARN_UNINITIALIZED_AUTOS</key>
				<string>YES</string>
				<key>GCC_WARN_UNUSED_FUNCTION</key>
				<string>YES</string>
				<key>GCC_WARN_UNUSED_VARIABLE</key>
				<string>YES</string>
				<key>IPHONEOS_DEPLOYMENT_TARGET</key>
				<string>7.0</string>
				<key>ONLY_ACTIVE_ARCH</key>
				<string>YES</string>
				<key>SDKROOT</key>
				<string>iphoneos</string>
			</dict>
			<key>isa</key>
			<string>XCBuildConfiguration</string>
			<key>name</key>
			<string>Debug</string>
		</dict>
		<key>FA770CB3188DB7F7005ED309</key>
		<dict>
			<key>buildSettings</key>
			<dict>
				<key>ALWAYS_SEARCH_USER_PATHS</key>
				<string>NO</string>
				<key>ARCHS</key>
				<string>$(ARCHS_STANDARD_INCLUDING_64_BIT)</string>
				<key>CLANG_CXX_LANGUAGE_STANDARD</key>
				<string>gnu++0x</string>
				<key>CLANG_CXX_LIBRARY</key>
				<string>libc++</string>
				<key>CLANG_ENABLE_MODULES</key>
				<string>YES</string>
				<key>CLANG_ENABLE_OBJC_ARC</key>
				<string>YES</string>
				<key>CLANG_WARN_BOOL_CONVERSION</key>
				<string>YES</string>
				<key>CLANG_WARN_CONSTANT_CONVERSION</key>
				<string>YES</string>
				<key>CLANG_WARN_DIRECT_OBJC_ISA_USAGE</key>
				<string>YES_ERROR</string>
				<key>CLANG_WARN_EMPTY_BODY</key>
				<string>YES</string>
				<key>CLANG_WARN_ENUM_CONVERSION</key>
				<string>YES</string>
				<key>CLANG_WARN_INT_CONVERSION</key>
				<string>YES</string>
				<key>CLANG_WARN_OBJC_ROOT_CLASS</key>
				<string>YES_ERROR</string>
				<key>CLANG_WARN__DUPLICATE_METHOD_MATCH</key>
				<string>YES</string>
				<key>CODE_SIGN_IDENTITY[sdk=iphoneos*]</key>
				<string>iPhone Developer</string>
				<key>COPY_PHASE_STRIP</key>
				<string>YES</string>
				<key>ENABLE_NS_ASSERTIONS</key>
				<string>NO</string>
				<key>GCC_C_LANGUAGE_STANDARD</key>
				<string>gnu99</string>
				<key>GCC_WARN_64_TO_32_BIT_CONVERSION</key>
				<string>YES</string>
				<key>GCC_WARN_ABOUT_RETURN_TYPE</key>
				<string>YES_ERROR</string>
				<key>GCC_WARN_UNDECLARED_SELECTOR</key>
				<string>YES</string>
				<key>GCC_WARN_UNINITIALIZED_AUTOS</key>
				<string>YES</string>
				<key>GCC_WARN_UNUSED_FUNCTION</key>
				<string>YES</string>
				<key>GCC_WARN_UNUSED_VARIABLE</key>
				<string>YES</string>
				<key>IPHONEOS_DEPLOYMENT_TARGET</key>
				<string>7.0</string>
				<key>SDKROOT</key>
				<string>iphoneos</string>
				<key>VALIDATE_PRODUCT</key>
				<string>YES</string>
			</dict>
			<key>isa</key>
			<string>XCBuildConfiguration</string>
			<key>name</key>
			<string>Release</string>
		</dict>
		<key>FA770CB4188DB7F7005ED309</key>
		<dict>
			<key>buildConfigurations</key>
			<array>
				<string>FA770CB5188DB7F7005ED309</string>
				<string>FA770CB6188DB7F7005ED309</string>
			</array>
			<key>defaultConfigurationIsVisible</key>
			<string>0</string>
			<key>defaultConfigurationName</key>
			<string>Release</string>
			<key>isa</key>
			<string>XCConfigurationList</string>
		</dict>
		<key>FA770CB5188DB7F7005ED309</key>
		<dict>
			<key>baseConfigurationReference</key>
			<string>BBE3019FE9C84F339C95BE04</string>
			<key>buildSettings</key>
			<dict>
				<key>ASSETCATALOG_COMPILER_APPICON_NAME</key>
				<string>AppIcon</string>
				<key>ASSETCATALOG_COMPILER_LAUNCHIMAGE_NAME</key>
				<string>LaunchImage</string>
				<key>GCC_PRECOMPILE_PREFIX_HEADER</key>
				<string>YES</string>
				<key>GCC_PREFIX_HEADER</key>
				<string>MeetupPrizeChooser/MeetupPrizeChooser-Prefix.pch</string>
				<key>INFOPLIST_FILE</key>
				<string>MeetupPrizeChooser/MeetupPrizeChooser-Info.plist</string>
				<key>PRODUCT_NAME</key>
				<string>$(TARGET_NAME)</string>
				<key>WRAPPER_EXTENSION</key>
				<string>app</string>
			</dict>
			<key>isa</key>
			<string>XCBuildConfiguration</string>
			<key>name</key>
			<string>Debug</string>
		</dict>
		<key>FA770CB6188DB7F7005ED309</key>
		<dict>
			<key>baseConfigurationReference</key>
			<string>BBE3019FE9C84F339C95BE04</string>
			<key>buildSettings</key>
			<dict>
				<key>ASSETCATALOG_COMPILER_APPICON_NAME</key>
				<string>AppIcon</string>
				<key>ASSETCATALOG_COMPILER_LAUNCHIMAGE_NAME</key>
				<string>LaunchImage</string>
				<key>GCC_PRECOMPILE_PREFIX_HEADER</key>
				<string>YES</string>
				<key>GCC_PREFIX_HEADER</key>
				<string>MeetupPrizeChooser/MeetupPrizeChooser-Prefix.pch</string>
				<key>INFOPLIST_FILE</key>
				<string>MeetupPrizeChooser/MeetupPrizeChooser-Info.plist</string>
				<key>PRODUCT_NAME</key>
				<string>$(TARGET_NAME)</string>
				<key>WRAPPER_EXTENSION</key>
				<string>app</string>
			</dict>
			<key>isa</key>
			<string>XCBuildConfiguration</string>
			<key>name</key>
			<string>Release</string>
		</dict>
		<key>FA770CB7188DB7F7005ED309</key>
		<dict>
			<key>buildConfigurations</key>
			<array>
				<string>FA770CB8188DB7F7005ED309</string>
				<string>FA770CB9188DB7F7005ED309</string>
			</array>
			<key>defaultConfigurationIsVisible</key>
			<string>0</string>
			<key>defaultConfigurationName</key>
			<string>Release</string>
			<key>isa</key>
			<string>XCConfigurationList</string>
		</dict>
		<key>FA770CB8188DB7F7005ED309</key>
		<dict>
			<key>baseConfigurationReference</key>
			<string>7261EE82D08A48A2BA12981B</string>
			<key>buildSettings</key>
			<dict>
				<key>ARCHS</key>
				<string>$(ARCHS_STANDARD_INCLUDING_64_BIT)</string>
				<key>BUNDLE_LOADER</key>
				<string>$(BUILT_PRODUCTS_DIR)/MeetupPrizeChooser.app/MeetupPrizeChooser</string>
				<key>FRAMEWORK_SEARCH_PATHS</key>
				<array>
					<string>$(SDKROOT)/Developer/Library/Frameworks</string>
					<string>$(inherited)</string>
					<string>$(DEVELOPER_FRAMEWORKS_DIR)</string>
				</array>
				<key>GCC_PRECOMPILE_PREFIX_HEADER</key>
				<string>YES</string>
				<key>GCC_PREFIX_HEADER</key>
				<string>MeetupPrizeChooser/MeetupPrizeChooser-Prefix.pch</string>
				<key>GCC_PREPROCESSOR_DEFINITIONS</key>
				<array>
					<string>DEBUG=1</string>
					<string>$(inherited)</string>
				</array>
				<key>INFOPLIST_FILE</key>
				<string>MeetupPrizeChooserTests/MeetupPrizeChooserTests-Info.plist</string>
				<key>PRODUCT_NAME</key>
				<string>$(TARGET_NAME)</string>
				<key>TEST_HOST</key>
				<string>$(BUNDLE_LOADER)</string>
				<key>WRAPPER_EXTENSION</key>
				<string>xctest</string>
			</dict>
			<key>isa</key>
			<string>XCBuildConfiguration</string>
			<key>name</key>
			<string>Debug</string>
		</dict>
		<key>FA770CB9188DB7F7005ED309</key>
		<dict>
			<key>baseConfigurationReference</key>
			<string>7261EE82D08A48A2BA12981B</string>
			<key>buildSettings</key>
			<dict>
				<key>ARCHS</key>
				<string>$(ARCHS_STANDARD_INCLUDING_64_BIT)</string>
				<key>BUNDLE_LOADER</key>
				<string>$(BUILT_PRODUCTS_DIR)/MeetupPrizeChooser.app/MeetupPrizeChooser</string>
				<key>FRAMEWORK_SEARCH_PATHS</key>
				<array>
					<string>$(SDKROOT)/Developer/Library/Frameworks</string>
					<string>$(inherited)</string>
					<string>$(DEVELOPER_FRAMEWORKS_DIR)</string>
				</array>
				<key>GCC_PRECOMPILE_PREFIX_HEADER</key>
				<string>YES</string>
				<key>GCC_PREFIX_HEADER</key>
				<string>MeetupPrizeChooser/MeetupPrizeChooser-Prefix.pch</string>
				<key>INFOPLIST_FILE</key>
				<string>MeetupPrizeChooserTests/MeetupPrizeChooserTests-Info.plist</string>
				<key>PRODUCT_NAME</key>
				<string>$(TARGET_NAME)</string>
				<key>TEST_HOST</key>
				<string>$(BUNDLE_LOADER)</string>
				<key>WRAPPER_EXTENSION</key>
				<string>xctest</string>
			</dict>
			<key>isa</key>
			<string>XCBuildConfiguration</string>
			<key>name</key>
			<string>Release</string>
		</dict>
		<key>FA952F79188DB8A300446BC9</key>
		<dict>
			<key>fileEncoding</key>
			<string>4</string>
			<key>isa</key>
			<string>PBXFileReference</string>
			<key>lastKnownFileType</key>
			<string>sourcecode.c.h</string>
			<key>path</key>
			<string>AKAMeetupRequestManager.h</string>
			<key>sourceTree</key>
			<string>&lt;group&gt;</string>
		</dict>
		<key>FA952F7A188DB8A300446BC9</key>
		<dict>
			<key>fileEncoding</key>
			<string>4</string>
			<key>isa</key>
			<string>PBXFileReference</string>
			<key>lastKnownFileType</key>
			<string>sourcecode.c.objc</string>
			<key>path</key>
			<string>AKAMeetupRequestManager.m</string>
			<key>sourceTree</key>
			<string>&lt;group&gt;</string>
		</dict>
		<key>FA952F7B188DB8A300446BC9</key>
		<dict>
			<key>fileRef</key>
			<string>FA952F7A188DB8A300446BC9</string>
			<key>isa</key>
			<string>PBXBuildFile</string>
		</dict>
		<key>FA952F7C188DB8A300446BC9</key>
		<dict>
			<key>fileRef</key>
			<string>FA952F7A188DB8A300446BC9</string>
			<key>isa</key>
			<string>PBXBuildFile</string>
		</dict>
		<key>FA952F7F188DFF8A00446BC9</key>
		<dict>
			<key>fileEncoding</key>
			<string>4</string>
			<key>isa</key>
			<string>PBXFileReference</string>
			<key>lastKnownFileType</key>
			<string>sourcecode.c.h</string>
			<key>path</key>
			<string>AKAMeetupEventCell.h</string>
			<key>sourceTree</key>
			<string>&lt;group&gt;</string>
		</dict>
		<key>FA952F80188DFF8A00446BC9</key>
		<dict>
			<key>fileEncoding</key>
			<string>4</string>
			<key>isa</key>
			<string>PBXFileReference</string>
			<key>lastKnownFileType</key>
			<string>sourcecode.c.objc</string>
			<key>path</key>
			<string>AKAMeetupEventCell.m</string>
			<key>sourceTree</key>
			<string>&lt;group&gt;</string>
		</dict>
		<key>FA952F81188DFF8A00446BC9</key>
		<dict>
			<key>fileRef</key>
			<string>FA952F80188DFF8A00446BC9</string>
			<key>isa</key>
			<string>PBXBuildFile</string>
		</dict>
		<key>FA952F82188DFF8A00446BC9</key>
		<dict>
			<key>fileRef</key>
			<string>FA952F80188DFF8A00446BC9</string>
			<key>isa</key>
			<string>PBXBuildFile</string>
		</dict>
		<key>FA952F83188E1DA200446BC9</key>
		<dict>
			<key>fileEncoding</key>
			<string>4</string>
			<key>isa</key>
			<string>PBXFileReference</string>
			<key>lastKnownFileType</key>
			<string>sourcecode.c.h</string>
			<key>path</key>
			<string>AKARSVPCell.h</string>
			<key>sourceTree</key>
			<string>&lt;group&gt;</string>
		</dict>
		<key>FA952F84188E1DA200446BC9</key>
		<dict>
			<key>fileEncoding</key>
			<string>4</string>
			<key>isa</key>
			<string>PBXFileReference</string>
			<key>lastKnownFileType</key>
			<string>sourcecode.c.objc</string>
			<key>path</key>
			<string>AKARSVPCell.m</string>
			<key>sourceTree</key>
			<string>&lt;group&gt;</string>
		</dict>
		<key>FA952F85188E1DA200446BC9</key>
		<dict>
			<key>fileRef</key>
			<string>FA952F84188E1DA200446BC9</string>
			<key>isa</key>
			<string>PBXBuildFile</string>
		</dict>
		<key>FA952F86188E1DA200446BC9</key>
		<dict>
			<key>fileRef</key>
			<string>FA952F84188E1DA200446BC9</string>
			<key>isa</key>
			<string>PBXBuildFile</string>
		</dict>
		<key>FAFEA0D81912E7A9001BF8A6</key>
		<dict>
			<key>fileEncoding</key>
			<string>4</string>
			<key>isa</key>
			<string>PBXFileReference</string>
			<key>lastKnownFileType</key>
			<string>sourcecode.c.h</string>
			<key>path</key>
			<string>AKAMeetupAPIKeyProvider.h</string>
			<key>sourceTree</key>
			<string>&lt;group&gt;</string>
		</dict>
		<key>FAFEA0D91912E7A9001BF8A6</key>
		<dict>
			<key>fileEncoding</key>
			<string>4</string>
			<key>isa</key>
			<string>PBXFileReference</string>
			<key>lastKnownFileType</key>
			<string>sourcecode.c.objc</string>
			<key>path</key>
			<string>AKAMeetupAPIKeyProvider.m</string>
			<key>sourceTree</key>
			<string>&lt;group&gt;</string>
		</dict>
		<key>FAFEA0DA1912E7A9001BF8A6</key>
		<dict>
			<key>fileRef</key>
			<string>FAFEA0D91912E7A9001BF8A6</string>
			<key>isa</key>
			<string>PBXBuildFile</string>
		</dict>
		<key>FAFEA0DB1912E7A9001BF8A6</key>
		<dict>
			<key>fileRef</key>
			<string>FAFEA0D91912E7A9001BF8A6</string>
			<key>isa</key>
			<string>PBXBuildFile</string>
		</dict>
	</dict>
	<key>rootObject</key>
	<string>FA770C77188DB7F7005ED309</string>
</dict>
</plist>
